PODS:
  - SalesforceDesignSystem (0.1.0)

DEPENDENCIES:
  - SalesforceDesignSystem (from `https://git.soma.salesforce.com/ux/SalesforceDesignSystem-iOS.git`)

EXTERNAL SOURCES:
  SalesforceDesignSystem:
    :git: https://git.soma.salesforce.com/ux/SalesforceDesignSystem-iOS.git

CHECKOUT OPTIONS:
  SalesforceDesignSystem:
    :commit: dc87326f5e1d4bdb687c95a0ddb4ec9642b4d25c
    :git: https://git.soma.salesforce.com/ux/SalesforceDesignSystem-iOS.git

SPEC CHECKSUMS:
  SalesforceDesignSystem: c3e375a4fcc81acff29ebfc1f99b32d4a9d6e94b

COCOAPODS: 0.37.2
